PODS:
  - Flutter (1.0.0)
  - integration_test (0.0.1):
    - Flutter
  - open_with_app (0.0.1):
    - Flutter

DEPENDENCIES:
  - Flutter (from `Flutter`)
  - integration_test (from `.symlinks/plugins/integration_test/ios`)
  - open_with_app (from `.symlinks/plugins/open_with_app/ios`)

EXTERNAL SOURCES:
  Flutter:
    :path: Flutter
  integration_test:
    :path: ".symlinks/plugins/integration_test/ios"
  open_with_app:
    :path: ".symlinks/plugins/open_with_app/ios"

SPEC CHECKSUMS:
  Flutter: cabc95a1d2626b1b06e7179b784ebcf0c0cde467
  integration_test: 4a889634ef21a45d28d50d622cf412dc6d9f586e
  open_with_app: cf29eace566f9a67d981d9e20aed8002c2c08eb9

PODFILE CHECKSUM: 3c63482e143d1b91d2d2560aee9fb04ecc74ac7e

COCOAPODS: 1.16.2
